
Microsoft Visual Studio Solution File, Format Version 12.00
# Visual Studio Version 17
VisualStudioVersion = 17.4.33205.214
MinimumVisualStudioVersion = 10.0.40219.1
Project("{9A19103F-16F7-4668-BE54-9A1E7A4F7556}") = "Otus_HomeWork9", "Otus_HomeWork9\Otus_HomeWork9.csproj", "{266BED07-2D50-41D8-8458-E2F857D655D2}"
EndProject
Project("{FAE04EC0-301F-11D3-BF4B-00C04F79EFBC}") = "Tests", "Tests\Tests.csproj", "{71849E00-90D3-4C1C-859B-6F508A074CBE}"
EndProject
Global
	GlobalSection(SolutionConfigurationPlatforms) = preSolution
		Debug|Any CPU = Debug|Any CPU
		Release|Any CPU = Release|Any CPU
	EndGlobalSection
	GlobalSection(ProjectConfigurationPlatforms) = postSolution
		{266BED07-2D50-41D8-8458-E2F857D655D2}.Debug|Any CPU.ActiveCfg = Debug|Any CPU
		{266BED07-2D50-41D8-8458-E2F857D655D2}.Debug|Any CPU.Build.0 = Debug|Any CPU
		{266BED07-2D50-41D8-8458-E2F857D655D2}.Release|Any CPU.ActiveCfg = Release|Any CPU
		{266BED07-2D50-41D8-8458-E2F857D655D2}.Release|Any CPU.Build.0 = Release|Any CPU
		{71849E00-90D3-4C1C-859B-6F508A074CBE}.Debug|Any CPU.ActiveCfg = Debug|Any CPU
		{71849E00-90D3-4C1C-859B-6F508A074CBE}.Debug|Any CPU.Build.0 = Debug|Any CPU
		{71849E00-90D3-4C1C-859B-6F508A074CBE}.Release|Any CPU.ActiveCfg = Release|Any CPU
		{71849E00-90D3-4C1C-859B-6F508A074CBE}.Release|Any CPU.Build.0 = Release|Any CPU
	EndGlobalSection
	GlobalSection(SolutionProperties) = preSolution
		HideSolutionNode = FALSE
	EndGlobalSection
	GlobalSection(ExtensibilityGlobals) = postSolution
		SolutionGuid = {869CD3C5-95CF-4C94-B8A9-E72097DB8346}
	EndGlobalSection
EndGlobal
